
Microsoft Visual Studio Solution File, Format Version 12.00
# Visual Studio Version 16
VisualStudioVersion = 16.0.30523.141
MinimumVisualStudioVersion = 10.0.40219.1
Project("{FAE04EC0-301F-11D3-BF4B-00C04F79EFBC}") = "Business", "Business\Business.csproj", "{00643479-B38F-4D16-A74E-896B20D52DEC}"
EndProject
Project("{FAE04EC0-301F-11D3-BF4B-00C04F79EFBC}") = "Core", "Core\Core.csproj", "{6E34A050-AABD-4AD3-9713-379A371AF9F2}"
EndProject
Project("{FAE04EC0-301F-11D3-BF4B-00C04F79EFBC}") = "Data", "Data\Data.csproj", "{C511CB22-E9B5-4337-9266-A16DD56D9046}"
EndProject
Project("{FAE04EC0-301F-11D3-BF4B-00C04F79EFBC}") = "Resources", "Resources\Resources.csproj", "{9AB9FC04-3E3C-406C-BB1F-A8C144A3ECA2}"
EndProject
Project("{FAE04EC0-301F-11D3-BF4B-00C04F79EFBC}") = "ElMusaned.UI", "ElMusaned.UI\ElMusaned.UI.csproj", "{18A90425-EB3A-4F3B-BCA2-31AA63B7F376}"
EndProject
Global
	GlobalSection(SolutionConfigurationPlatforms) = preSolution
		Debug|Any CPU = Debug|Any CPU
		Release|Any CPU = Release|Any CPU
	EndGlobalSection
	GlobalSection(ProjectConfigurationPlatforms) = postSolution
		{00643479-B38F-4D16-A74E-896B20D52DEC}.Debug|Any CPU.ActiveCfg = Debug|Any CPU
		{00643479-B38F-4D16-A74E-896B20D52DEC}.Debug|Any CPU.Build.0 = Debug|Any CPU
		{00643479-B38F-4D16-A74E-896B20D52DEC}.Release|Any CPU.ActiveCfg = Release|Any CPU
		{00643479-B38F-4D16-A74E-896B20D52DEC}.Release|Any CPU.Build.0 = Release|Any CPU
		{6E34A050-AABD-4AD3-9713-379A371AF9F2}.Debug|Any CPU.ActiveCfg = Debug|Any CPU
		{6E34A050-AABD-4AD3-9713-379A371AF9F2}.Debug|Any CPU.Build.0 = Debug|Any CPU
		{6E34A050-AABD-4AD3-9713-379A371AF9F2}.Release|Any CPU.ActiveCfg = Release|Any CPU
		{6E34A050-AABD-4AD3-9713-379A371AF9F2}.Release|Any CPU.Build.0 = Release|Any CPU
		{C511CB22-E9B5-4337-9266-A16DD56D9046}.Debug|Any CPU.ActiveCfg = Debug|Any CPU
		{C511CB22-E9B5-4337-9266-A16DD56D9046}.Debug|Any CPU.Build.0 = Debug|Any CPU
		{C511CB22-E9B5-4337-9266-A16DD56D9046}.Release|Any CPU.ActiveCfg = Release|Any CPU
		{C511CB22-E9B5-4337-9266-A16DD56D9046}.Release|Any CPU.Build.0 = Release|Any CPU
		{9AB9FC04-3E3C-406C-BB1F-A8C144A3ECA2}.Debug|Any CPU.ActiveCfg = Debug|Any CPU
		{9AB9FC04-3E3C-406C-BB1F-A8C144A3ECA2}.Debug|Any CPU.Build.0 = Debug|Any CPU
		{9AB9FC04-3E3C-406C-BB1F-A8C144A3ECA2}.Release|Any CPU.ActiveCfg = Release|Any CPU
		{9AB9FC04-3E3C-406C-BB1F-A8C144A3ECA2}.Release|Any CPU.Build.0 = Release|Any CPU
		{18A90425-EB3A-4F3B-BCA2-31AA63B7F376}.Debug|Any CPU.ActiveCfg = Debug|Any CPU
		{18A90425-EB3A-4F3B-BCA2-31AA63B7F376}.Debug|Any CPU.Build.0 = Debug|Any CPU
		{18A90425-EB3A-4F3B-BCA2-31AA63B7F376}.Release|Any CPU.ActiveCfg = Release|Any CPU
		{18A90425-EB3A-4F3B-BCA2-31AA63B7F376}.Release|Any CPU.Build.0 = Release|Any CPU
	EndGlobalSection
	GlobalSection(SolutionProperties) = preSolution
		HideSolutionNode = FALSE
	EndGlobalSection
	GlobalSection(ExtensibilityGlobals) = postSolution
		SolutionGuid = {7E4F3415-9961-4AA5-A534-0AA3BA4A1E64}
	EndGlobalSection
EndGlobal
